
Microsoft Visual Studio Solution File, Format Version 12.00
# Visual Studio Version 17
VisualStudioVersion = 17.4.33403.182
MinimumVisualStudioVersion = 10.0.40219.1
Project("{FAE04EC0-301F-11D3-BF4B-00C04F79EFBC}") = "Toggle Monsters", "Toggle Monsters\Toggle Monsters.csproj", "{06A67412-803E-4F1B-BB83-8ADA86B0BB18}"
EndProject
Global
	GlobalSection(SolutionConfigurationPlatforms) = preSolution
		Debug|Any CPU = Debug|Any CPU
		Release|Any CPU = Release|Any CPU
	EndGlobalSection
	GlobalSection(ProjectConfigurationPlatforms) = postSolution
		{06A67412-803E-4F1B-BB83-8ADA86B0BB18}.Debug|Any CPU.ActiveCfg = Debug|Any CPU
		{06A67412-803E-4F1B-BB83-8ADA86B0BB18}.Debug|Any CPU.Build.0 = Debug|Any CPU
		{06A67412-803E-4F1B-BB83-8ADA86B0BB18}.Release|Any CPU.ActiveCfg = Release|Any CPU
		{06A67412-803E-4F1B-BB83-8ADA86B0BB18}.Release|Any CPU.Build.0 = Release|Any CPU
	EndGlobalSection
	GlobalSection(SolutionProperties) = preSolution
		HideSolutionNode = FALSE
	EndGlobalSection
	GlobalSection(ExtensibilityGlobals) = postSolution
		SolutionGuid = {57FEC86F-EE83-4006-AE36-0752C92A3D17}
	EndGlobalSection
EndGlobal
